
Microsoft Visual Studio Solution File, Format Version 12.00
# Visual Studio Version 16
VisualStudioVersion = 16.0.29001.49
MinimumVisualStudioVersion = 10.0.40219.1
Project("{9A19103F-16F7-4668-BE54-9A1E7A4F7556}") = "BackEnd.NetCore", "BackEnd.NetCore\BackEnd.NetCore.csproj", "{61504187-1739-4B3D-A366-2DFF4E26C8B7}"
EndProject
Project("{FAE04EC0-301F-11D3-BF4B-00C04F79EFBC}") = "FrontEnd.Angular", "FrontEnd.Angular\FrontEnd.Angular.csproj", "{844CA256-C6E5-4410-BE11-6F874A9A81BE}"
EndProject
Project("{E53339B2-1760-4266-BCC7-CA923CBCF16C}") = "docker-compose", "docker-compose.dcproj", "{1E85649F-619A-47ED-AB30-7F0AEDEC230E}"
EndProject
Global
	GlobalSection(SolutionConfigurationPlatforms) = preSolution
		Debug|Any CPU = Debug|Any CPU
		Debug|ARM = Debug|ARM
		Debug|ARM64 = Debug|ARM64
		Debug|x64 = Debug|x64
		Debug|x86 = Debug|x86
		Release|Any CPU = Release|Any CPU
		Release|ARM = Release|ARM
		Release|ARM64 = Release|ARM64
		Release|x64 = Release|x64
		Release|x86 = Release|x86
	EndGlobalSection
	GlobalSection(ProjectConfigurationPlatforms) = postSolution
		{61504187-1739-4B3D-A366-2DFF4E26C8B7}.Debug|Any CPU.ActiveCfg = Debug|Any CPU
		{61504187-1739-4B3D-A366-2DFF4E26C8B7}.Debug|Any CPU.Build.0 = Debug|Any CPU
		{61504187-1739-4B3D-A366-2DFF4E26C8B7}.Debug|ARM.ActiveCfg = Debug|Any CPU
		{61504187-1739-4B3D-A366-2DFF4E26C8B7}.Debug|ARM.Build.0 = Debug|Any CPU
		{61504187-1739-4B3D-A366-2DFF4E26C8B7}.Debug|ARM64.ActiveCfg = Debug|Any CPU
		{61504187-1739-4B3D-A366-2DFF4E26C8B7}.Debug|ARM64.Build.0 = Debug|Any CPU
		{61504187-1739-4B3D-A366-2DFF4E26C8B7}.Debug|x64.ActiveCfg = Debug|Any CPU
		{61504187-1739-4B3D-A366-2DFF4E26C8B7}.Debug|x64.Build.0 = Debug|Any CPU
		{61504187-1739-4B3D-A366-2DFF4E26C8B7}.Debug|x86.ActiveCfg = Debug|Any CPU
		{61504187-1739-4B3D-A366-2DFF4E26C8B7}.Debug|x86.Build.0 = Debug|Any CPU
		{61504187-1739-4B3D-A366-2DFF4E26C8B7}.Release|Any CPU.ActiveCfg = Release|Any CPU
		{61504187-1739-4B3D-A366-2DFF4E26C8B7}.Release|Any CPU.Build.0 = Release|Any CPU
		{61504187-1739-4B3D-A366-2DFF4E26C8B7}.Release|ARM.ActiveCfg = Release|Any CPU
		{61504187-1739-4B3D-A366-2DFF4E26C8B7}.Release|ARM.Build.0 = Release|Any CPU
		{61504187-1739-4B3D-A366-2DFF4E26C8B7}.Release|ARM64.ActiveCfg = Release|Any CPU
		{61504187-1739-4B3D-A366-2DFF4E26C8B7}.Release|ARM64.Build.0 = Release|Any CPU
		{61504187-1739-4B3D-A366-2DFF4E26C8B7}.Release|x64.ActiveCfg = Release|Any CPU
		{61504187-1739-4B3D-A366-2DFF4E26C8B7}.Release|x64.Build.0 = Release|Any CPU
		{61504187-1739-4B3D-A366-2DFF4E26C8B7}.Release|x86.ActiveCfg = Release|Any CPU
		{61504187-1739-4B3D-A366-2DFF4E26C8B7}.Release|x86.Build.0 = Release|Any CPU
		{844CA256-C6E5-4410-BE11-6F874A9A81BE}.Debug|Any CPU.ActiveCfg = Debug|Any CPU
		{844CA256-C6E5-4410-BE11-6F874A9A81BE}.Debug|Any CPU.Build.0 = Debug|Any CPU
		{844CA256-C6E5-4410-BE11-6F874A9A81BE}.Debug|ARM.ActiveCfg = Debug|Any CPU
		{844CA256-C6E5-4410-BE11-6F874A9A81BE}.Debug|ARM.Build.0 = Debug|Any CPU
		{844CA256-C6E5-4410-BE11-6F874A9A81BE}.Debug|ARM64.ActiveCfg = Debug|Any CPU
		{844CA256-C6E5-4410-BE11-6F874A9A81BE}.Debug|ARM64.Build.0 = Debug|Any CPU
		{844CA256-C6E5-4410-BE11-6F874A9A81BE}.Debug|x64.ActiveCfg = Debug|Any CPU
		{844CA256-C6E5-4410-BE11-6F874A9A81BE}.Debug|x64.Build.0 = Debug|Any CPU
		{844CA256-C6E5-4410-BE11-6F874A9A81BE}.Debug|x86.ActiveCfg = Debug|Any CPU
		{844CA256-C6E5-4410-BE11-6F874A9A81BE}.Debug|x86.Build.0 = Debug|Any CPU
		{844CA256-C6E5-4410-BE11-6F874A9A81BE}.Release|Any CPU.ActiveCfg = Release|Any CPU
		{844CA256-C6E5-4410-BE11-6F874A9A81BE}.Release|Any CPU.Build.0 = Release|Any CPU
		{844CA256-C6E5-4410-BE11-6F874A9A81BE}.Release|ARM.ActiveCfg = Release|Any CPU
		{844CA256-C6E5-4410-BE11-6F874A9A81BE}.Release|ARM.Build.0 = Release|Any CPU
		{844CA256-C6E5-4410-BE11-6F874A9A81BE}.Release|ARM64.ActiveCfg = Release|Any CPU
		{844CA256-C6E5-4410-BE11-6F874A9A81BE}.Release|ARM64.Build.0 = Release|Any CPU
		{844CA256-C6E5-4410-BE11-6F874A9A81BE}.Release|x64.ActiveCfg = Release|Any CPU
		{844CA256-C6E5-4410-BE11-6F874A9A81BE}.Release|x64.Build.0 = Release|Any CPU
		{844CA256-C6E5-4410-BE11-6F874A9A81BE}.Release|x86.ActiveCfg = Release|Any CPU
		{844CA256-C6E5-4410-BE11-6F874A9A81BE}.Release|x86.Build.0 = Release|Any CPU
		{1E85649F-619A-47ED-AB30-7F0AEDEC230E}.Debug|Any CPU.ActiveCfg = Debug|Any CPU
		{1E85649F-619A-47ED-AB30-7F0AEDEC230E}.Debug|Any CPU.Build.0 = Debug|Any CPU
		{1E85649F-619A-47ED-AB30-7F0AEDEC230E}.Debug|ARM.ActiveCfg = Debug|Any CPU
		{1E85649F-619A-47ED-AB30-7F0AEDEC230E}.Debug|ARM.Build.0 = Debug|Any CPU
		{1E85649F-619A-47ED-AB30-7F0AEDEC230E}.Debug|ARM64.ActiveCfg = Debug|Any CPU
		{1E85649F-619A-47ED-AB30-7F0AEDEC230E}.Debug|ARM64.Build.0 = Debug|Any CPU
		{1E85649F-619A-47ED-AB30-7F0AEDEC230E}.Debug|x64.ActiveCfg = Debug|Any CPU
		{1E85649F-619A-47ED-AB30-7F0AEDEC230E}.Debug|x64.Build.0 = Debug|Any CPU
		{1E85649F-619A-47ED-AB30-7F0AEDEC230E}.Debug|x86.ActiveCfg = Debug|Any CPU
		{1E85649F-619A-47ED-AB30-7F0AEDEC230E}.Debug|x86.Build.0 = Debug|Any CPU
		{1E85649F-619A-47ED-AB30-7F0AEDEC230E}.Release|Any CPU.ActiveCfg = Release|Any CPU
		{1E85649F-619A-47ED-AB30-7F0AEDEC230E}.Release|Any CPU.Build.0 = Release|Any CPU
		{1E85649F-619A-47ED-AB30-7F0AEDEC230E}.Release|ARM.ActiveCfg = Release|Any CPU
		{1E85649F-619A-47ED-AB30-7F0AEDEC230E}.Release|ARM.Build.0 = Release|Any CPU
		{1E85649F-619A-47ED-AB30-7F0AEDEC230E}.Release|ARM64.ActiveCfg = Release|Any CPU
		{1E85649F-619A-47ED-AB30-7F0AEDEC230E}.Release|ARM64.Build.0 = Release|Any CPU
		{1E85649F-619A-47ED-AB30-7F0AEDEC230E}.Release|x64.ActiveCfg = Release|Any CPU
		{1E85649F-619A-47ED-AB30-7F0AEDEC230E}.Release|x64.Build.0 = Release|Any CPU
		{1E85649F-619A-47ED-AB30-7F0AEDEC230E}.Release|x86.ActiveCfg = Release|Any CPU
		{1E85649F-619A-47ED-AB30-7F0AEDEC230E}.Release|x86.Build.0 = Release|Any CPU
	EndGlobalSection
	GlobalSection(SolutionProperties) = preSolution
		HideSolutionNode = FALSE
	EndGlobalSection
	GlobalSection(ExtensibilityGlobals) = postSolution
		SolutionGuid = {057D3456-8AB9-4456-85A5-8D9C6D3AB8F0}
	EndGlobalSection
EndGlobal
